
Microsoft Visual Studio Solution File, Format Version 12.00
# Visual Studio Version 17
VisualStudioVersion = 17.0.32112.339
MinimumVisualStudioVersion = 10.0.40219.1
Project("{9A19103F-16F7-4668-BE54-9A1E7A4F7556}") = "ThrowCalc", "ThrowCalc.csproj", "{D5ECB8BF-4844-4442-AEE3-496BD1432498}"
EndProject
Global
	GlobalSection(SolutionConfigurationPlatforms) = preSolution
		Debug|Any CPU = Debug|Any CPU
		Release|Any CPU = Release|Any CPU
	EndGlobalSection
	GlobalSection(ProjectConfigurationPlatforms) = postSolution
		{D5ECB8BF-4844-4442-AEE3-496BD1432498}.Debug|Any CPU.ActiveCfg = Debug|Any CPU
		{D5ECB8BF-4844-4442-AEE3-496BD1432498}.Debug|Any CPU.Build.0 = Debug|Any CPU
		{D5ECB8BF-4844-4442-AEE3-496BD1432498}.Release|Any CPU.ActiveCfg = Release|Any CPU
		{D5ECB8BF-4844-4442-AEE3-496BD1432498}.Release|Any CPU.Build.0 = Release|Any CPU
	EndGlobalSection
	GlobalSection(SolutionProperties) = preSolution
		HideSolutionNode = FALSE
	EndGlobalSection
	GlobalSection(ExtensibilityGlobals) = postSolution
		SolutionGuid = {AC52CD0C-1BEB-4070-87A6-7F8348B0A47E}
	EndGlobalSection
EndGlobal
